{
  "requires": true,
  "lockfileVersion": 1,
  "dependencies": {
    "@amcharts/amcharts4-geodata": {
      "version": "4.1.7",
      "resolved": "https://registry.npmjs.org/@amcharts/amcharts4-geodata/-/amcharts4-geodata-4.1.7.tgz",
      "integrity": "sha512-GcgwTx/wqoLvdTwgabwSH4GUgyGx5Flbjp0rfnPBN6yaXQ7h2uTeyYEZ2X59AW4ZQnUMxc2Ld93pcOfaF36gcA=="
    }
  }
}
